
Microsoft Visual Studio Solution File, Format Version 12.00
# Visual Studio Version 17
VisualStudioVersion = 17.3.32901.215
MinimumVisualStudioVersion = 10.0.40219.1
Project("{FAE04EC0-301F-11D3-BF4B-00C04F79EFBC}") = "verituru2", "verituru2\verituru2.csproj", "{AB99A514-5BF8-4B5A-8600-F54357EDDF0A}"
EndProject
Global
	GlobalSection(SolutionConfigurationPlatforms) = preSolution
		Debug|Any CPU = Debug|Any CPU
		Release|Any CPU = Release|Any CPU
	EndGlobalSection
	GlobalSection(ProjectConfigurationPlatforms) = postSolution
		{AB99A514-5BF8-4B5A-8600-F54357EDDF0A}.Debug|Any CPU.ActiveCfg = Debug|Any CPU
		{AB99A514-5BF8-4B5A-8600-F54357EDDF0A}.Debug|Any CPU.Build.0 = Debug|Any CPU
		{AB99A514-5BF8-4B5A-8600-F54357EDDF0A}.Release|Any CPU.ActiveCfg = Release|Any CPU
		{AB99A514-5BF8-4B5A-8600-F54357EDDF0A}.Release|Any CPU.Build.0 = Release|Any CPU
	EndGlobalSection
	GlobalSection(SolutionProperties) = preSolution
		HideSolutionNode = FALSE
	EndGlobalSection
	GlobalSection(ExtensibilityGlobals) = postSolution
		SolutionGuid = {EE37BADF-E9C1-4625-9FE4-1BC576A76A5F}
	EndGlobalSection
EndGlobal
